// !$*UTF8*$!
{
	archiveVersion = 1;
	classes = {
	};
	objectVersion = 55;
	objects = {

/* Begin PBXBuildFile section */
		8F014E1628B81C8E00795618 /* Pet.swift in Sources */ = {isa = PBXBuildFile; fileRef = 8F014E1528B81C8E00795618 /* Pet.swift */; };
		8F5C08F028D628FE002FDB95 /* PetTabView.swift in Sources */ = {isa = PBXBuildFile; fileRef = 8F5C08EF28D628FE002FDB95 /* PetTabView.swift */; };
		8F86D2FE28AFEBAA006436AC /* PetDairyApp.swift in Sources */ = {isa = PBXBuildFile; fileRef = 8F86D2FD28AFEBAA006436AC /* PetDairyApp.swift */; };
		8F86D30028AFEBAA006436AC /* HomeView.swift in Sources */ = {isa = PBXBuildFile; fileRef = 8F86D2FF28AFEBAA006436AC /* HomeView.swift */; };
		8F86D30228AFEBAC006436AC /* Assets.xcassets in Resources */ = {isa = PBXBuildFile; fileRef = 8F86D30128AFEBAC006436AC /* Assets.xcassets */; };
		8F86D30528AFEBAC006436AC /* Preview Assets.xcassets in Resources */ = {isa = PBXBuildFile; fileRef = 8F86D30428AFEBAC006436AC /* Preview Assets.xcassets */; };
		8F86D31028AFEDCB006436AC /* Constants.swift in Sources */ = {isa = PBXBuildFile; fileRef = 8F86D30F28AFEDCB006436AC /* Constants.swift */; };
		8F8EE07B2906C334003FF0BA /* FavoritesView.swift in Sources */ = {isa = PBXBuildFile; fileRef = 8F8EE07A2906C334003FF0BA /* FavoritesView.swift */; };
		8F947DA2290EF55900EFE7FD /* ImagePicker.swift in Sources */ = {isa = PBXBuildFile; fileRef = 8F947DA1290EF55900EFE7FD /* ImagePicker.swift */; };
		8F947DA6290EF5CF00EFE7FD /* AddUpdatePetView.swift in Sources */ = {isa = PBXBuildFile; fileRef = 8F947DA5290EF5CF00EFE7FD /* AddUpdatePetView.swift */; };
		8F947DAA290F2AFA00EFE7FD /* HttpClient.swift in Sources */ = {isa = PBXBuildFile; fileRef = 8F947DA9290F2AFA00EFE7FD /* HttpClient.swift */; };
		8F982F492910742D00C2373C /* NetworkMonitor.swift in Sources */ = {isa = PBXBuildFile; fileRef = 8F982F482910742D00C2373C /* NetworkMonitor.swift */; };
		8F982F4B2910743D00C2373C /* NoNetworkView.swift in Sources */ = {isa = PBXBuildFile; fileRef = 8F982F4A2910743D00C2373C /* NoNetworkView.swift */; };
		8FA6B1BE2911A15200D8D991 /* Fact.swift in Sources */ = {isa = PBXBuildFile; fileRef = 8FA6B1BD2911A15200D8D991 /* Fact.swift */; };
		8FB35AB528D643DD004C4F08 /* PetDetailsView.swift in Sources */ = {isa = PBXBuildFile; fileRef = 8FB35AB428D643DD004C4F08 /* PetDetailsView.swift */; };
		8FB35AB728D647E4004C4F08 /* PetListView.swift in Sources */ = {isa = PBXBuildFile; fileRef = 8FB35AB628D647E4004C4F08 /* PetListView.swift */; };
		8FB4255D28D50E9300FECC9C /* PetDetailView.swift in Sources */ = {isa = PBXBuildFile; fileRef = 8FB4255C28D50E9300FECC9C /* PetDetailView.swift */; };
		8FB5CFC728B00EC60049ADC8 /* README.md in Resources */ = {isa = PBXBuildFile; fileRef = 8FB5CFC628B00EC60049ADC8 /* README.md */; };
		8FBC121B291319570080F5A7 /* WidgetKit.framework in Frameworks */ = {isa = PBXBuildFile; fileRef = 8FBC121A291319570080F5A7 /* WidgetKit.framework */; };
		8FBC121D291319570080F5A7 /* SwiftUI.framework in Frameworks */ = {isa = PBXBuildFile; fileRef = 8FBC121C291319570080F5A7 /* SwiftUI.framework */; };
		8FBC1220291319570080F5A7 /* PetDiaryWidgetBundle.swift in Sources */ = {isa = PBXBuildFile; fileRef = 8FBC121F291319570080F5A7 /* PetDiaryWidgetBundle.swift */; };
		8FBC1222291319570080F5A7 /* PetDiaryWidget.swift in Sources */ = {isa = PBXBuildFile; fileRef = 8FBC1221291319570080F5A7 /* PetDiaryWidget.swift */; };
		8FBC1224291319580080F5A7 /* Assets.xcassets in Resources */ = {isa = PBXBuildFile; fileRef = 8FBC1223291319580080F5A7 /* Assets.xcassets */; };
		8FBC1228291319580080F5A7 /* PetDiaryWidgetExtension.appex in Embed Foundation Extensions */ = {isa = PBXBuildFile; fileRef = 8FBC1218291319570080F5A7 /* PetDiaryWidgetExtension.appex */; settings = {ATTRIBUTES = (RemoveHeadersOnCopy, ); }; };
		8FBC122D29131CBA0080F5A7 /* Fact.swift in Sources */ = {isa = PBXBuildFile; fileRef = 8FA6B1BD2911A15200D8D991 /* Fact.swift */; };
		8FBC122E291320F40080F5A7 /* HttpClient.swift in Sources */ = {isa = PBXBuildFile; fileRef = 8F947DA9290F2AFA00EFE7FD /* HttpClient.swift */; };
		8FBC1231291321EC0080F5A7 /* Constants.swift in Sources */ = {isa = PBXBuildFile; fileRef = 8F86D30F28AFEDCB006436AC /* Constants.swift */; };
		8FDFC58929049AA300EEE409 /* Pet_DairyTests.swift in Sources */ = {isa = PBXBuildFile; fileRef = 8FDFC58829049AA300EEE409 /* Pet_DairyTests.swift */; };
		8FFD471628F22D5A006DC53E /* SplashScreen.swift in Sources */ = {isa = PBXBuildFile; fileRef = 8FFD471528F22D5A006DC53E /* SplashScreen.swift */; };
		8FFE885A28DD2C8E0059FAC7 /* PetModel.swift in Sources */ = {isa = PBXBuildFile; fileRef = 8FFE885928DD2C8E0059FAC7 /* PetModel.swift */; };
/* End PBXBuildFile section */

/* Begin PBXContainerItemProxy section */
		8F5166BD2906068D0074E203 /* PBXContainerItemProxy */ = {
			isa = PBXContainerItemProxy;
			containerPortal = 8F86D2F228AFEBAA006436AC /* Project object */;
			proxyType = 1;
			remoteGlobalIDString = 8F86D2F928AFEBAA006436AC;
			remoteInfo = PetDairy;
		};
		8FBC1226291319580080F5A7 /* PBXContainerItemProxy */ = {
			isa = PBXContainerItemProxy;
			containerPortal = 8F86D2F228AFEBAA006436AC /* Project object */;
			proxyType = 1;
			remoteGlobalIDString = 8FBC1217291319570080F5A7;
			remoteInfo = PetDiaryWidgetExtension;
		};
		8FDFC58A29049AA300EEE409 /* PBXContainerItemProxy */ = {
			isa = PBXContainerItemProxy;
			containerPortal = 8F86D2F228AFEBAA006436AC /* Project object */;
			proxyType = 1;
			remoteGlobalIDString = 8F86D2F928AFEBAA006436AC;
			remoteInfo = PetDairy;
		};
/* End PBXContainerItemProxy section */

/* Begin PBXCopyFilesBuildPhase section */
		8FBC1229291319580080F5A7 /* Embed Foundation Extensions */ = {
			isa = PBXCopyFilesBuildPhase;
			buildActionMask = 2147483647;
			dstPath = "";
			dstSubfolderSpec = 13;
			files = (
				8FBC1228291319580080F5A7 /* PetDiaryWidgetExtension.appex in Embed Foundation Extensions */,
			);
			name = "Embed Foundation Extensions";
			runOnlyForDeploymentPostprocessing = 0;
		};
/* End PBXCopyFilesBuildPhase section */

/* Begin PBXFileReference section */
		8F014E1528B81C8E00795618 /* Pet.swift */ = {isa = PBXFileReference; lastKnownFileType = sourcecode.swift; path = Pet.swift; sourceTree = "<group>"; };
		8F5166B72906068D0074E203 /* Pet DairyUITests.xctest */ = {isa = PBXFileReference; explicitFileType = wrapper.cfbundle; includeInIndex = 0; path = "Pet DairyUITests.xctest"; sourceTree = BUILT_PRODUCTS_DIR; };
		8F5C08EF28D628FE002FDB95 /* PetTabView.swift */ = {isa = PBXFileReference; lastKnownFileType = sourcecode.swift; path = PetTabView.swift; sourceTree = "<group>"; };
		8F86D2FA28AFEBAA006436AC /* Pet Dairy.app */ = {isa = PBXFileReference; explicitFileType = wrapper.application; includeInIndex = 0; path = "Pet Dairy.app"; sourceTree = BUILT_PRODUCTS_DIR; };
		8F86D2FD28AFEBAA006436AC /* PetDairyApp.swift */ = {isa = PBXFileReference; lastKnownFileType = sourcecode.swift; path = PetDairyApp.swift; sourceTree = "<group>"; };
		8F86D2FF28AFEBAA006436AC /* HomeView.swift */ = {isa = PBXFileReference; lastKnownFileType = sourcecode.swift; path = HomeView.swift; sourceTree = "<group>"; };
		8F86D30128AFEBAC006436AC /* Assets.xcassets */ = {isa = PBXFileReference; lastKnownFileType = folder.assetcatalog; path = Assets.xcassets; sourceTree = "<group>"; };
		8F86D30428AFEBAC006436AC /* Preview Assets.xcassets */ = {isa = PBXFileReference; lastKnownFileType = folder.assetcatalog; path = "Preview Assets.xcassets"; sourceTree = "<group>"; };
		8F86D30F28AFEDCB006436AC /* Constants.swift */ = {isa = PBXFileReference; lastKnownFileType = sourcecode.swift; path = Constants.swift; sourceTree = "<group>"; };
		8F8EE07A2906C334003FF0BA /* FavoritesView.swift */ = {isa = PBXFileReference; fileEncoding = 4; lastKnownFileType = sourcecode.swift; path = FavoritesView.swift; sourceTree = "<group>"; };
		8F947DA1290EF55900EFE7FD /* ImagePicker.swift */ = {isa = PBXFileReference; lastKnownFileType = sourcecode.swift; path = ImagePicker.swift; sourceTree = "<group>"; };
		8F947DA5290EF5CF00EFE7FD /* AddUpdatePetView.swift */ = {isa = PBXFileReference; lastKnownFileType = sourcecode.swift; path = AddUpdatePetView.swift; sourceTree = "<group>"; };
		8F947DA9290F2AFA00EFE7FD /* HttpClient.swift */ = {isa = PBXFileReference; lastKnownFileType = sourcecode.swift; path = HttpClient.swift; sourceTree = "<group>"; };
		8F982F482910742D00C2373C /* NetworkMonitor.swift */ = {isa = PBXFileReference; fileEncoding = 4; lastKnownFileType = sourcecode.swift; path = NetworkMonitor.swift; sourceTree = "<group>"; };
		8F982F4A2910743D00C2373C /* NoNetworkView.swift */ = {isa = PBXFileReference; fileEncoding = 4; lastKnownFileType = sourcecode.swift; path = NoNetworkView.swift; sourceTree = "<group>"; };
		8FA6B1BD2911A15200D8D991 /* Fact.swift */ = {isa = PBXFileReference; lastKnownFileType = sourcecode.swift; path = Fact.swift; sourceTree = "<group>"; };
		8FB35AB428D643DD004C4F08 /* PetDetailsView.swift */ = {isa = PBXFileReference; lastKnownFileType = sourcecode.swift; path = PetDetailsView.swift; sourceTree = "<group>"; };
		8FB35AB628D647E4004C4F08 /* PetListView.swift */ = {isa = PBXFileReference; lastKnownFileType = sourcecode.swift; path = PetListView.swift; sourceTree = "<group>"; };
		8FB4255C28D50E9300FECC9C /* PetDetailView.swift */ = {isa = PBXFileReference; lastKnownFileType = sourcecode.swift; path = PetDetailView.swift; sourceTree = "<group>"; };
		8FB5CFC628B00EC60049ADC8 /* README.md */ = {isa = PBXFileReference; lastKnownFileType = net.daringfireball.markdown; path = README.md; sourceTree = "<group>"; };
		8FBC1218291319570080F5A7 /* PetDiaryWidgetExtension.appex */ = {isa = PBXFileReference; explicitFileType = "wrapper.app-extension"; includeInIndex = 0; path = PetDiaryWidgetExtension.appex; sourceTree = BUILT_PRODUCTS_DIR; };
		8FBC121A291319570080F5A7 /* WidgetKit.framework */ = {isa = PBXFileReference; lastKnownFileType = wrapper.framework; name = WidgetKit.framework; path = System/Library/Frameworks/WidgetKit.framework; sourceTree = SDKROOT; };
		8FBC121C291319570080F5A7 /* SwiftUI.framework */ = {isa = PBXFileReference; lastKnownFileType = wrapper.framework; name = SwiftUI.framework; path = System/Library/Frameworks/SwiftUI.framework; sourceTree = SDKROOT; };
		8FBC121F291319570080F5A7 /* PetDiaryWidgetBundle.swift */ = {isa = PBXFileReference; lastKnownFileType = sourcecode.swift; path = PetDiaryWidgetBundle.swift; sourceTree = "<group>"; };
		8FBC1221291319570080F5A7 /* PetDiaryWidget.swift */ = {isa = PBXFileReference; lastKnownFileType = sourcecode.swift; path = PetDiaryWidget.swift; sourceTree = "<group>"; };
		8FBC1223291319580080F5A7 /* Assets.xcassets */ = {isa = PBXFileReference; lastKnownFileType = folder.assetcatalog; path = Assets.xcassets; sourceTree = "<group>"; };
		8FBC1225291319580080F5A7 /* Info.plist */ = {isa = PBXFileReference; lastKnownFileType = text.plist.xml; path = Info.plist; sourceTree = "<group>"; };
		8FDFC58629049AA300EEE409 /* Pet DairyTests.xctest */ = {isa = PBXFileReference; explicitFileType = wrapper.cfbundle; includeInIndex = 0; path = "Pet DairyTests.xctest"; sourceTree = BUILT_PRODUCTS_DIR; };
		8FDFC58829049AA300EEE409 /* Pet_DairyTests.swift */ = {isa = PBXFileReference; lastKnownFileType = sourcecode.swift; path = Pet_DairyTests.swift; sourceTree = "<group>"; };
		8FFD471528F22D5A006DC53E /* SplashScreen.swift */ = {isa = PBXFileReference; lastKnownFileType = sourcecode.swift; path = SplashScreen.swift; sourceTree = "<group>"; };
		8FFE885928DD2C8E0059FAC7 /* PetModel.swift */ = {isa = PBXFileReference; lastKnownFileType = sourcecode.swift; path = PetModel.swift; sourceTree = "<group>"; };
/* End PBXFileReference section */

/* Begin PBXFrameworksBuildPhase section */
		8F5166B42906068D0074E203 /* Frameworks */ = {
			isa = PBXFrameworksBuildPhase;
			buildActionMask = 2147483647;
			files = (
			);
			runOnlyForDeploymentPostprocessing = 0;
		};
		8F86D2F728AFEBAA006436AC /* Frameworks */ = {
			isa = PBXFrameworksBuildPhase;
			buildActionMask = 2147483647;
			files = (
			);
			runOnlyForDeploymentPostprocessing = 0;
		};
		8FBC1215291319570080F5A7 /* Frameworks */ = {
			isa = PBXFrameworksBuildPhase;
			buildActionMask = 2147483647;
			files = (
				8FBC121D291319570080F5A7 /* SwiftUI.framework in Frameworks */,
				8FBC121B291319570080F5A7 /* WidgetKit.framework in Frameworks */,
			);
			runOnlyForDeploymentPostprocessing = 0;
		};
		8FDFC58329049AA300EEE409 /* Frameworks */ = {
			isa = PBXFrameworksBuildPhase;
			buildActionMask = 2147483647;
			files = (
			);
			runOnlyForDeploymentPostprocessing = 0;
		};
/* End PBXFrameworksBuildPhase section */

/* Begin PBXGroup section */
		8F86D2F128AFEBAA006436AC = {
			isa = PBXGroup;
			children = (
				8FB5CFC628B00EC60049ADC8 /* README.md */,
				8F86D2FC28AFEBAA006436AC /* PetDairy */,
				8FDFC58729049AA300EEE409 /* Pet DairyTests */,
				8FBC121E291319570080F5A7 /* PetDiaryWidget */,
				8FBC1219291319570080F5A7 /* Frameworks */,
				8F86D2FB28AFEBAA006436AC /* Products */,
			);
			sourceTree = "<group>";
		};
		8F86D2FB28AFEBAA006436AC /* Products */ = {
			isa = PBXGroup;
			children = (
				8F86D2FA28AFEBAA006436AC /* Pet Dairy.app */,
				8FDFC58629049AA300EEE409 /* Pet DairyTests.xctest */,
				8F5166B72906068D0074E203 /* Pet DairyUITests.xctest */,
				8FBC1218291319570080F5A7 /* PetDiaryWidgetExtension.appex */,
			);
			name = Products;
			sourceTree = "<group>";
		};
		8F86D2FC28AFEBAA006436AC /* PetDairy */ = {
			isa = PBXGroup;
			children = (
				8F86D30E28AFEDAF006436AC /* Helpers */,
				8F86D30D28AFED8A006436AC /* App */,
				8F86D30C28AFED4B006436AC /* Views */,
				8F86D30B28AFED3C006436AC /* Models */,
				8F86D30328AFEBAC006436AC /* Preview Content */,
			);
			path = PetDairy;
			sourceTree = "<group>";
		};
		8F86D30328AFEBAC006436AC /* Preview Content */ = {
			isa = PBXGroup;
			children = (
				8F86D30428AFEBAC006436AC /* Preview Assets.xcassets */,
			);
			path = "Preview Content";
			sourceTree = "<group>";
		};
		8F86D30B28AFED3C006436AC /* Models */ = {
			isa = PBXGroup;
			children = (
				8F014E1528B81C8E00795618 /* Pet.swift */,
				8FFE885928DD2C8E0059FAC7 /* PetModel.swift */,
				8FA6B1BD2911A15200D8D991 /* Fact.swift */,
			);
			path = Models;
			sourceTree = "<group>";
		};
		8F86D30C28AFED4B006436AC /* Views */ = {
			isa = PBXGroup;
			children = (
				8F982F4A2910743D00C2373C /* NoNetworkView.swift */,
				8FFD471528F22D5A006DC53E /* SplashScreen.swift */,
				8F5C08EF28D628FE002FDB95 /* PetTabView.swift */,
				8F8EE07A2906C334003FF0BA /* FavoritesView.swift */,
				8F86D2FF28AFEBAA006436AC /* HomeView.swift */,
				8FB4255C28D50E9300FECC9C /* PetDetailView.swift */,
				8FB35AB428D643DD004C4F08 /* PetDetailsView.swift */,
				8FB35AB628D647E4004C4F08 /* PetListView.swift */,
				8F947DA5290EF5CF00EFE7FD /* AddUpdatePetView.swift */,
			);
			path = Views;
			sourceTree = "<group>";
		};
		8F86D30D28AFED8A006436AC /* App */ = {
			isa = PBXGroup;
			children = (
				8F86D2FD28AFEBAA006436AC /* PetDairyApp.swift */,
				8F86D30128AFEBAC006436AC /* Assets.xcassets */,
			);
			path = App;
			sourceTree = "<group>";
		};
		8F86D30E28AFEDAF006436AC /* Helpers */ = {
			isa = PBXGroup;
			children = (
				8F86D30F28AFEDCB006436AC /* Constants.swift */,
				8F982F482910742D00C2373C /* NetworkMonitor.swift */,
				8F947DA9290F2AFA00EFE7FD /* HttpClient.swift */,
				8F947DA1290EF55900EFE7FD /* ImagePicker.swift */,
			);
			path = Helpers;
			sourceTree = "<group>";
		};
		8FBC1219291319570080F5A7 /* Frameworks */ = {
			isa = PBXGroup;
			children = (
				8FBC121A291319570080F5A7 /* WidgetKit.framework */,
				8FBC121C291319570080F5A7 /* SwiftUI.framework */,
			);
			name = Frameworks;
			sourceTree = "<group>";
		};
		8FBC121E291319570080F5A7 /* PetDiaryWidget */ = {
			isa = PBXGroup;
			children = (
				8FBC121F291319570080F5A7 /* PetDiaryWidgetBundle.swift */,
				8FBC1221291319570080F5A7 /* PetDiaryWidget.swift */,
				8FBC1223291319580080F5A7 /* Assets.xcassets */,
				8FBC1225291319580080F5A7 /* Info.plist */,
			);
			path = PetDiaryWidget;
			sourceTree = "<group>";
		};
		8FDFC58729049AA300EEE409 /* Pet DairyTests */ = {
			isa = PBXGroup;
			children = (
				8FDFC58829049AA300EEE409 /* Pet_DairyTests.swift */,
			);
			path = "Pet DairyTests";
			sourceTree = "<group>";
		};
/* End PBXGroup section */

/* Begin PBXNativeTarget section */
		8F5166B62906068D0074E203 /* Pet DairyUITests */ = {
			isa = PBXNativeTarget;
			buildConfigurationList = 8F5166C12906068D0074E203 /* Build configuration list for PBXNativeTarget "Pet DairyUITests" */;
			buildPhases = (
				8F5166B32906068D0074E203 /* Sources */,
				8F5166B42906068D0074E203 /* Frameworks */,
				8F5166B52906068D0074E203 /* Resources */,
			);
			buildRules = (
			);
			dependencies = (
				8F5166BE2906068D0074E203 /* PBXTargetDependency */,
			);
			name = "Pet DairyUITests";
			productName = "Pet DairyUITests";
			productReference = 8F5166B72906068D0074E203 /* Pet DairyUITests.xctest */;
			productType = "com.apple.product-type.bundle.ui-testing";
		};
		8F86D2F928AFEBAA006436AC /* PetDairy */ = {
			isa = PBXNativeTarget;
			buildConfigurationList = 8F86D30828AFEBAC006436AC /* Build configuration list for PBXNativeTarget "PetDairy" */;
			buildPhases = (
				8F86D2F628AFEBAA006436AC /* Sources */,
				8F86D2F728AFEBAA006436AC /* Frameworks */,
				8F86D2F828AFEBAA006436AC /* Resources */,
				8FBC1229291319580080F5A7 /* Embed Foundation Extensions */,
			);
			buildRules = (
			);
			dependencies = (
				8FBC1227291319580080F5A7 /* PBXTargetDependency */,
			);
			name = PetDairy;
			packageProductDependencies = (
			);
			productName = PetDairy;
			productReference = 8F86D2FA28AFEBAA006436AC /* Pet Dairy.app */;
			productType = "com.apple.product-type.application";
		};
		8FBC1217291319570080F5A7 /* PetDiaryWidgetExtension */ = {
			isa = PBXNativeTarget;
			buildConfigurationList = 8FBC122C291319580080F5A7 /* Build configuration list for PBXNativeTarget "PetDiaryWidgetExtension" */;
			buildPhases = (
				8FBC1214291319570080F5A7 /* Sources */,
				8FBC1215291319570080F5A7 /* Frameworks */,
				8FBC1216291319570080F5A7 /* Resources */,
			);
			buildRules = (
			);
			dependencies = (
			);
			name = PetDiaryWidgetExtension;
			productName = PetDiaryWidgetExtension;
			productReference = 8FBC1218291319570080F5A7 /* PetDiaryWidgetExtension.appex */;
			productType = "com.apple.product-type.app-extension";
		};
		8FDFC58529049AA300EEE409 /* Pet DairyTests */ = {
			isa = PBXNativeTarget;
			buildConfigurationList = 8FDFC58E29049AA300EEE409 /* Build configuration list for PBXNativeTarget "Pet DairyTests" */;
			buildPhases = (
				8FDFC58229049AA300EEE409 /* Sources */,
				8FDFC58329049AA300EEE409 /* Frameworks */,
				8FDFC58429049AA300EEE409 /* Resources */,
			);
			buildRules = (
			);
			dependencies = (
				8FDFC58B29049AA300EEE409 /* PBXTargetDependency */,
			);
			name = "Pet DairyTests";
			productName = "Pet DairyTests";
			productReference = 8FDFC58629049AA300EEE409 /* Pet DairyTests.xctest */;
			productType = "com.apple.product-type.bundle.unit-test";
		};
/* End PBXNativeTarget section */

/* Begin PBXProject section */
		8F86D2F228AFEBAA006436AC /* Project object */ = {
			isa = PBXProject;
			attributes = {
				BuildIndependentTargetsInParallel = 1;
				LastSwiftUpdateCheck = 1410;
				LastUpgradeCheck = 1340;
				TargetAttributes = {
					8F5166B62906068D0074E203 = {
						CreatedOnToolsVersion = 13.4.1;
						TestTargetID = 8F86D2F928AFEBAA006436AC;
					};
					8F86D2F928AFEBAA006436AC = {
						CreatedOnToolsVersion = 13.4.1;
					};
					8FBC1217291319570080F5A7 = {
						CreatedOnToolsVersion = 14.1;
					};
					8FDFC58529049AA300EEE409 = {
						CreatedOnToolsVersion = 13.4.1;
						TestTargetID = 8F86D2F928AFEBAA006436AC;
					};
				};
			};
			buildConfigurationList = 8F86D2F528AFEBAA006436AC /* Build configuration list for PBXProject "PetDairy" */;
			compatibilityVersion = "Xcode 13.0";
			developmentRegion = en;
			hasScannedForEncodings = 0;
			knownRegions = (
				en,
				Base,
			);
			mainGroup = 8F86D2F128AFEBAA006436AC;
			packageReferences = (
			);
			productRefGroup = 8F86D2FB28AFEBAA006436AC /* Products */;
			projectDirPath = "";
			projectRoot = "";
			targets = (
				8F86D2F928AFEBAA006436AC /* PetDairy */,
				8FDFC58529049AA300EEE409 /* Pet DairyTests */,
				8F5166B62906068D0074E203 /* Pet DairyUITests */,
				8FBC1217291319570080F5A7 /* PetDiaryWidgetExtension */,
			);
		};
/* End PBXProject section */

/* Begin PBXResourcesBuildPhase section */
		8F5166B52906068D0074E203 /* Resources */ = {
			isa = PBXResourcesBuildPhase;
			buildActionMask = 2147483647;
			files = (
			);
			runOnlyForDeploymentPostprocessing = 0;
		};
		8F86D2F828AFEBAA006436AC /* Resources */ = {
			isa = PBXResourcesBuildPhase;
			buildActionMask = 2147483647;
			files = (
				8FB5CFC728B00EC60049ADC8 /* README.md in Resources */,
				8F86D30528AFEBAC006436AC /* Preview Assets.xcassets in Resources */,
				8F86D30228AFEBAC006436AC /* Assets.xcassets in Resources */,
			);
			runOnlyForDeploymentPostprocessing = 0;
		};
		8FBC1216291319570080F5A7 /* Resources */ = {
			isa = PBXResourcesBuildPhase;
			buildActionMask = 2147483647;
			files = (
				8FBC1224291319580080F5A7 /* Assets.xcassets in Resources */,
			);
			runOnlyForDeploymentPostprocessing = 0;
		};
		8FDFC58429049AA300EEE409 /* Resources */ = {
			isa = PBXResourcesBuildPhase;
			buildActionMask = 2147483647;
			files = (
			);
			runOnlyForDeploymentPostprocessing = 0;
		};
/* End PBXResourcesBuildPhase section */

/* Begin PBXSourcesBuildPhase section */
		8F5166B32906068D0074E203 /* Sources */ = {
			isa = PBXSourcesBuildPhase;
			buildActionMask = 2147483647;
			files = (
			);
			runOnlyForDeploymentPostprocessing = 0;
		};
		8F86D2F628AFEBAA006436AC /* Sources */ = {
			isa = PBXSourcesBuildPhase;
			buildActionMask = 2147483647;
			files = (
				8F982F4B2910743D00C2373C /* NoNetworkView.swift in Sources */,
				8F86D30028AFEBAA006436AC /* HomeView.swift in Sources */,
				8F5C08F028D628FE002FDB95 /* PetTabView.swift in Sources */,
				8FB4255D28D50E9300FECC9C /* PetDetailView.swift in Sources */,
				8FB35AB528D643DD004C4F08 /* PetDetailsView.swift in Sources */,
				8F947DAA290F2AFA00EFE7FD /* HttpClient.swift in Sources */,
				8F8EE07B2906C334003FF0BA /* FavoritesView.swift in Sources */,
				8F014E1628B81C8E00795618 /* Pet.swift in Sources */,
				8F982F492910742D00C2373C /* NetworkMonitor.swift in Sources */,
				8FFD471628F22D5A006DC53E /* SplashScreen.swift in Sources */,
				8F947DA6290EF5CF00EFE7FD /* AddUpdatePetView.swift in Sources */,
				8F86D2FE28AFEBAA006436AC /* PetDairyApp.swift in Sources */,
				8F86D31028AFEDCB006436AC /* Constants.swift in Sources */,
				8FA6B1BE2911A15200D8D991 /* Fact.swift in Sources */,
				8F947DA2290EF55900EFE7FD /* ImagePicker.swift in Sources */,
				8FFE885A28DD2C8E0059FAC7 /* PetModel.swift in Sources */,
				8FB35AB728D647E4004C4F08 /* PetListView.swift in Sources */,
			);
			runOnlyForDeploymentPostprocessing = 0;
		};
		8FBC1214291319570080F5A7 /* Sources */ = {
			isa = PBXSourcesBuildPhase;
			buildActionMask = 2147483647;
			files = (
				8FBC1220291319570080F5A7 /* PetDiaryWidgetBundle.swift in Sources */,
				8FBC122D29131CBA0080F5A7 /* Fact.swift in Sources */,
				8FBC122E291320F40080F5A7 /* HttpClient.swift in Sources */,
				8FBC1222291319570080F5A7 /* PetDiaryWidget.swift in Sources */,
				8FBC1231291321EC0080F5A7 /* Constants.swift in Sources */,
			);
			runOnlyForDeploymentPostprocessing = 0;
		};
		8FDFC58229049AA300EEE409 /* Sources */ = {
			isa = PBXSourcesBuildPhase;
			buildActionMask = 2147483647;
			files = (
				8FDFC58929049AA300EEE409 /* Pet_DairyTests.swift in Sources */,
			);
			runOnlyForDeploymentPostprocessing = 0;
		};
/* End PBXSourcesBuildPhase section */

/* Begin PBXTargetDependency section */
		8F5166BE2906068D0074E203 /* PBXTargetDependency */ = {
			isa = PBXTargetDependency;
			target = 8F86D2F928AFEBAA006436AC /* PetDairy */;
			targetProxy = 8F5166BD2906068D0074E203 /* PBXContainerItemProxy */;
		};
		8FBC1227291319580080F5A7 /* PBXTargetDependency */ = {
			isa = PBXTargetDependency;
			target = 8FBC1217291319570080F5A7 /* PetDiaryWidgetExtension */;
			targetProxy = 8FBC1226291319580080F5A7 /* PBXContainerItemProxy */;
		};
		8FDFC58B29049AA300EEE409 /* PBXTargetDependency */ = {
			isa = PBXTargetDependency;
			target = 8F86D2F928AFEBAA006436AC /* PetDairy */;
			targetProxy = 8FDFC58A29049AA300EEE409 /* PBXContainerItemProxy */;
		};
/* End PBXTargetDependency section */

/* Begin XCBuildConfiguration section */
		8F5166BF2906068D0074E203 /* Debug */ = {
			isa = XCBuildConfiguration;
			buildSettings = {
				CODE_SIGN_STYLE = Automatic;
				CURRENT_PROJECT_VERSION = 1;
				GENERATE_INFOPLIST_FILE = YES;
				IPHONEOS_DEPLOYMENT_TARGET = 15.5;
				MARKETING_VERSION = 1.0;
				PRODUCT_BUNDLE_IDENTIFIER = "com.bytesrandom.Pet-DairyUITests";
				PRODUCT_NAME = "$(TARGET_NAME)";
				SWIFT_EMIT_LOC_STRINGS = NO;
				SWIFT_VERSION = 5.0;
				TARGETED_DEVICE_FAMILY = "1,2";
				TEST_TARGET_NAME = PetDairy;
			};
			name = Debug;
		};
		8F5166C02906068D0074E203 /* Release */ = {
			isa = XCBuildConfiguration;
			buildSettings = {
				CODE_SIGN_STYLE = Automatic;
				CURRENT_PROJECT_VERSION = 1;
				GENERATE_INFOPLIST_FILE = YES;
				IPHONEOS_DEPLOYMENT_TARGET = 15.5;
				MARKETING_VERSION = 1.0;
				PRODUCT_BUNDLE_IDENTIFIER = "com.bytesrandom.Pet-DairyUITests";
				PRODUCT_NAME = "$(TARGET_NAME)";
				SWIFT_EMIT_LOC_STRINGS = NO;
				SWIFT_VERSION = 5.0;
				TARGETED_DEVICE_FAMILY = "1,2";
				TEST_TARGET_NAME = PetDairy;
			};
			name = Release;
		};
		8F86D30628AFEBAC006436AC /* Debug */ = {
			isa = XCBuildConfiguration;
			buildSettings = {
				ALWAYS_SEARCH_USER_PATHS = NO;
				CLANG_ANALYZER_NONNULL = YES;
				CLANG_ANALYZER_NUMBER_OBJECT_CONVERSION = YES_AGGRESSIVE;
				CLANG_CXX_LANGUAGE_STANDARD = "gnu++17";
				CLANG_ENABLE_MODULES = YES;
				CLANG_ENABLE_OBJC_ARC = YES;
				CLANG_ENABLE_OBJC_WEAK = YES;
				CLANG_WARN_BLOCK_CAPTURE_AUTORELEASING = YES;
				CLANG_WARN_BOOL_CONVERSION = YES;
				CLANG_WARN_COMMA = YES;
				CLANG_WARN_CONSTANT_CONVERSION = YES;
				CLANG_WARN_DEPRECATED_OBJC_IMPLEMENTATIONS = YES;
				CLANG_WARN_DIRECT_OBJC_ISA_USAGE = YES_ERROR;
				CLANG_WARN_DOCUMENTATION_COMMENTS = YES;
				CLANG_WARN_EMPTY_BODY = YES;
				CLANG_WARN_ENUM_CONVERSION = YES;
				CLANG_WARN_INFINITE_RECURSION = YES;
				CLANG_WARN_INT_CONVERSION = YES;
				CLANG_WARN_NON_LITERAL_NULL_CONVERSION = YES;
				CLANG_WARN_OBJC_IMPLICIT_RETAIN_SELF = YES;
				CLANG_WARN_OBJC_LITERAL_CONVERSION = YES;
				CLANG_WARN_OBJC_ROOT_CLASS = YES_ERROR;
				CLANG_WARN_QUOTED_INCLUDE_IN_FRAMEWORK_HEADER = YES;
				CLANG_WARN_RANGE_LOOP_ANALYSIS = YES;
				CLANG_WARN_STRICT_PROTOTYPES = YES;
				CLANG_WARN_SUSPICIOUS_MOVE = YES;
				CLANG_WARN_UNGUARDED_AVAILABILITY = YES_AGGRESSIVE;
				CLANG_WARN_UNREACHABLE_CODE = YES;
				CLANG_WARN__DUPLICATE_METHOD_MATCH = YES;
				COPY_PHASE_STRIP = NO;
				DEBUG_INFORMATION_FORMAT = dwarf;
				ENABLE_STRICT_OBJC_MSGSEND = YES;
				ENABLE_TESTABILITY = YES;
				GCC_C_LANGUAGE_STANDARD = gnu11;
				GCC_DYNAMIC_NO_PIC = NO;
				GCC_NO_COMMON_BLOCKS = YES;
				GCC_OPTIMIZATION_LEVEL = 0;
				GCC_PREPROCESSOR_DEFINITIONS = (
					"DEBUG=1",
					"$(inherited)",
				);
				GCC_WARN_64_TO_32_BIT_CONVERSION = YES;
				GCC_WARN_ABOUT_RETURN_TYPE = YES_ERROR;
				GCC_WARN_UNDECLARED_SELECTOR = YES;
				GCC_WARN_UNINITIALIZED_AUTOS = YES_AGGRESSIVE;
				GCC_WARN_UNUSED_FUNCTION = YES;
				GCC_WARN_UNUSED_VARIABLE = YES;
				IPHONEOS_DEPLOYMENT_TARGET = 15.0;
				MTL_ENABLE_DEBUG_INFO = INCLUDE_SOURCE;
				MTL_FAST_MATH = YES;
				ONLY_ACTIVE_ARCH = YES;
				SDKROOT = iphoneos;
				SWIFT_ACTIVE_COMPILATION_CONDITIONS = DEBUG;
				SWIFT_OPTIMIZATION_LEVEL = "-Onone";
			};
			name = Debug;
		};
		8F86D30728AFEBAC006436AC /* Release */ = {
			isa = XCBuildConfiguration;
			buildSettings = {
				ALWAYS_SEARCH_USER_PATHS = NO;
				CLANG_ANALYZER_NONNULL = YES;
				CLANG_ANALYZER_NUMBER_OBJECT_CONVERSION = YES_AGGRESSIVE;
				CLANG_CXX_LANGUAGE_STANDARD = "gnu++17";
				CLANG_ENABLE_MODULES = YES;
				CLANG_ENABLE_OBJC_ARC = YES;
				CLANG_ENABLE_OBJC_WEAK = YES;
				CLANG_WARN_BLOCK_CAPTURE_AUTORELEASING = YES;
				CLANG_WARN_BOOL_CONVERSION = YES;
				CLANG_WARN_COMMA = YES;
				CLANG_WARN_CONSTANT_CONVERSION = YES;
				CLANG_WARN_DEPRECATED_OBJC_IMPLEMENTATIONS = YES;
				CLANG_WARN_DIRECT_OBJC_ISA_USAGE = YES_ERROR;
				CLANG_WARN_DOCUMENTATION_COMMENTS = YES;
				CLANG_WARN_EMPTY_BODY = YES;
				CLANG_WARN_ENUM_CONVERSION = YES;
				CLANG_WARN_INFINITE_RECURSION = YES;
				CLANG_WARN_INT_CONVERSION = YES;
				CLANG_WARN_NON_LITERAL_NULL_CONVERSION = YES;
				CLANG_WARN_OBJC_IMPLICIT_RETAIN_SELF = YES;
				CLANG_WARN_OBJC_LITERAL_CONVERSION = YES;
				CLANG_WARN_OBJC_ROOT_CLASS = YES_ERROR;
				CLANG_WARN_QUOTED_INCLUDE_IN_FRAMEWORK_HEADER = YES;
				CLANG_WARN_RANGE_LOOP_ANALYSIS = YES;
				CLANG_WARN_STRICT_PROTOTYPES = YES;
				CLANG_WARN_SUSPICIOUS_MOVE = YES;
				CLANG_WARN_UNGUARDED_AVAILABILITY = YES_AGGRESSIVE;
				CLANG_WARN_UNREACHABLE_CODE = YES;
				CLANG_WARN__DUPLICATE_METHOD_MATCH = YES;
				COPY_PHASE_STRIP = NO;
				DEBUG_INFORMATION_FORMAT = "dwarf-with-dsym";
				ENABLE_NS_ASSERTIONS = NO;
				ENABLE_STRICT_OBJC_MSGSEND = YES;
				GCC_C_LANGUAGE_STANDARD = gnu11;
				GCC_NO_COMMON_BLOCKS = YES;
				GCC_WARN_64_TO_32_BIT_CONVERSION = YES;
				GCC_WARN_ABOUT_RETURN_TYPE = YES_ERROR;
				GCC_WARN_UNDECLARED_SELECTOR = YES;
				GCC_WARN_UNINITIALIZED_AUTOS = YES_AGGRESSIVE;
				GCC_WARN_UNUSED_FUNCTION = YES;
				GCC_WARN_UNUSED_VARIABLE = YES;
				IPHONEOS_DEPLOYMENT_TARGET = 15.0;
				MTL_ENABLE_DEBUG_INFO = NO;
				MTL_FAST_MATH = YES;
				SDKROOT = iphoneos;
				SWIFT_COMPILATION_MODE = wholemodule;
				SWIFT_OPTIMIZATION_LEVEL = "-O";
				VALIDATE_PRODUCT = YES;
			};
			name = Release;
		};
		8F86D30928AFEBAC006436AC /* Debug */ = {
			isa = XCBuildConfiguration;
			buildSettings = {
				ALWAYS_EMBED_SWIFT_STANDARD_LIBRARIES = YES;
				ASSETCATALOG_COMPILER_APPICON_NAME = AppIcon;
				ASSETCATALOG_COMPILER_GLOBAL_ACCENT_COLOR_NAME = AccentColor;
				CODE_SIGN_STYLE = Automatic;
				CURRENT_PROJECT_VERSION = 1;
				DEVELOPMENT_ASSET_PATHS = "\"PetDairy/Preview Content\"";
				DEVELOPMENT_TEAM = "";
				ENABLE_PREVIEWS = YES;
				GENERATE_INFOPLIST_FILE = YES;
				INFOPLIST_FILE = PetDairy/Info.plist;
				INFOPLIST_KEY_NSPhotoLibraryUsageDescription = "We need access to your photos to get images of your pets.";
				INFOPLIST_KEY_UIApplicationSceneManifest_Generation = YES;
				INFOPLIST_KEY_UIApplicationSupportsIndirectInputEvents = YES;
				INFOPLIST_KEY_UILaunchScreen_Generation = YES;
				INFOPLIST_KEY_UISupportedInterfaceOrientations_iPad = "UIInterfaceOrientationPortrait UIInterfaceOrientationPortraitUpsideDown UIInterfaceOrientationLandscapeLeft UIInterfaceOrientationLandscapeRight";
				INFOPLIST_KEY_UISupportedInterfaceOrientations_iPhone = "UIInterfaceOrientationPortrait UIInterfaceOrientationLandscapeLeft UIInterfaceOrientationLandscapeRight";
				IPHONEOS_DEPLOYMENT_TARGET = 15.0;
				LD_RUNPATH_SEARCH_PATHS = (
					"$(inherited)",
					"@executable_path/Frameworks",
				);
				MARKETING_VERSION = 1.0;
				PRODUCT_BUNDLE_IDENTIFIER = com.bytesrandom.PetDairy;
				PRODUCT_NAME = "Pet Dairy";
				SWIFT_EMIT_LOC_STRINGS = YES;
				SWIFT_VERSION = 5.0;
				TARGETED_DEVICE_FAMILY = "1,2";
			};
			name = Debug;
		};
		8F86D30A28AFEBAC006436AC /* Release */ = {
			isa = XCBuildConfiguration;
			buildSettings = {
				ALWAYS_EMBED_SWIFT_STANDARD_LIBRARIES = YES;
				ASSETCATALOG_COMPILER_APPICON_NAME = AppIcon;
				ASSETCATALOG_COMPILER_GLOBAL_ACCENT_COLOR_NAME = AccentColor;
				CODE_SIGN_STYLE = Automatic;
				CURRENT_PROJECT_VERSION = 1;
				DEVELOPMENT_ASSET_PATHS = "\"PetDairy/Preview Content\"";
				DEVELOPMENT_TEAM = "";
				ENABLE_PREVIEWS = YES;
				GENERATE_INFOPLIST_FILE = YES;
				INFOPLIST_FILE = PetDairy/Info.plist;
				INFOPLIST_KEY_NSPhotoLibraryUsageDescription = "We need access to your photos to get images of your pets.";
				INFOPLIST_KEY_UIApplicationSceneManifest_Generation = YES;
				INFOPLIST_KEY_UIApplicationSupportsIndirectInputEvents = YES;
				INFOPLIST_KEY_UILaunchScreen_Generation = YES;
				INFOPLIST_KEY_UISupportedInterfaceOrientations_iPad = "UIInterfaceOrientationPortrait UIInterfaceOrientationPortraitUpsideDown UIInterfaceOrientationLandscapeLeft UIInterfaceOrientationLandscapeRight";
				INFOPLIST_KEY_UISupportedInterfaceOrientations_iPhone = "UIInterfaceOrientationPortrait UIInterfaceOrientationLandscapeLeft UIInterfaceOrientationLandscapeRight";
				IPHONEOS_DEPLOYMENT_TARGET = 15.0;
				LD_RUNPATH_SEARCH_PATHS = (
					"$(inherited)",
					"@executable_path/Frameworks",
				);
				MARKETING_VERSION = 1.0;
				PRODUCT_BUNDLE_IDENTIFIER = com.bytesrandom.PetDairy;
				PRODUCT_NAME = "Pet Dairy";
				SWIFT_EMIT_LOC_STRINGS = YES;
				SWIFT_VERSION = 5.0;
				TARGETED_DEVICE_FAMILY = "1,2";
			};
			name = Release;
		};
		8FBC122A291319580080F5A7 /* Debug */ = {
			isa = XCBuildConfiguration;
			buildSettings = {
				ASSETCATALOG_COMPILER_GLOBAL_ACCENT_COLOR_NAME = AccentColor;
				ASSETCATALOG_COMPILER_WIDGET_BACKGROUND_COLOR_NAME = WidgetBackground;
				CLANG_CXX_LANGUAGE_STANDARD = "gnu++20";
				CODE_SIGN_STYLE = Automatic;
				CURRENT_PROJECT_VERSION = 1;
				DEVELOPMENT_TEAM = "";
				GENERATE_INFOPLIST_FILE = YES;
				INFOPLIST_FILE = PetDiaryWidget/Info.plist;
				INFOPLIST_KEY_CFBundleDisplayName = PetDiaryWidget;
				INFOPLIST_KEY_NSHumanReadableCopyright = "";
				IPHONEOS_DEPLOYMENT_TARGET = 16.1;
				LD_RUNPATH_SEARCH_PATHS = (
					"$(inherited)",
					"@executable_path/Frameworks",
					"@executable_path/../../Frameworks",
				);
				MARKETING_VERSION = 1.0;
				PRODUCT_BUNDLE_IDENTIFIER = com.bytesrandom.PetDairy.PetDiaryWidget;
				PRODUCT_NAME = "$(TARGET_NAME)";
				SKIP_INSTALL = YES;
				SWIFT_EMIT_LOC_STRINGS = YES;
				SWIFT_VERSION = 5.0;
				TARGETED_DEVICE_FAMILY = "1,2";
			};
			name = Debug;
		};
		8FBC122B291319580080F5A7 /* Release */ = {
			isa = XCBuildConfiguration;
			buildSettings = {
				ASSETCATALOG_COMPILER_GLOBAL_ACCENT_COLOR_NAME = AccentColor;
				ASSETCATALOG_COMPILER_WIDGET_BACKGROUND_COLOR_NAME = WidgetBackground;
				CLANG_CXX_LANGUAGE_STANDARD = "gnu++20";
				CODE_SIGN_STYLE = Automatic;
				CURRENT_PROJECT_VERSION = 1;
				DEVELOPMENT_TEAM = "";
				GENERATE_INFOPLIST_FILE = YES;
				INFOPLIST_FILE = PetDiaryWidget/Info.plist;
				INFOPLIST_KEY_CFBundleDisplayName = PetDiaryWidget;
				INFOPLIST_KEY_NSHumanReadableCopyright = "";
				IPHONEOS_DEPLOYMENT_TARGET = 16.1;
				LD_RUNPATH_SEARCH_PATHS = (
					"$(inherited)",
					"@executable_path/Frameworks",
					"@executable_path/../../Frameworks",
				);
				MARKETING_VERSION = 1.0;
				PRODUCT_BUNDLE_IDENTIFIER = com.bytesrandom.PetDairy.PetDiaryWidget;
				PRODUCT_NAME = "$(TARGET_NAME)";
				SKIP_INSTALL = YES;
				SWIFT_EMIT_LOC_STRINGS = YES;
				SWIFT_VERSION = 5.0;
				TARGETED_DEVICE_FAMILY = "1,2";
			};
			name = Release;
		};
		8FDFC58C29049AA300EEE409 /* Debug */ = {
			isa = XCBuildConfiguration;
			buildSettings = {
				BUNDLE_LOADER = "$(TEST_HOST)";
				CODE_SIGN_STYLE = Automatic;
				CURRENT_PROJECT_VERSION = 1;
				GENERATE_INFOPLIST_FILE = YES;
				IPHONEOS_DEPLOYMENT_TARGET = 15.5;
				MARKETING_VERSION = 1.0;
				PRODUCT_BUNDLE_IDENTIFIER = "com.bytesrandom.Pet-DairyTests";
				PRODUCT_NAME = "$(TARGET_NAME)";
				SWIFT_EMIT_LOC_STRINGS = NO;
				SWIFT_VERSION = 5.0;
				TARGETED_DEVICE_FAMILY = "1,2";
				TEST_HOST = "$(BUILT_PRODUCTS_DIR)/Pet Dairy.app/Pet Dairy";
			};
			name = Debug;
		};
		8FDFC58D29049AA300EEE409 /* Release */ = {
			isa = XCBuildConfiguration;
			buildSettings = {
				BUNDLE_LOADER = "$(TEST_HOST)";
				CODE_SIGN_STYLE = Automatic;
				CURRENT_PROJECT_VERSION = 1;
				GENERATE_INFOPLIST_FILE = YES;
				IPHONEOS_DEPLOYMENT_TARGET = 15.5;
				MARKETING_VERSION = 1.0;
				PRODUCT_BUNDLE_IDENTIFIER = "com.bytesrandom.Pet-DairyTests";
				PRODUCT_NAME = "$(TARGET_NAME)";
				SWIFT_EMIT_LOC_STRINGS = NO;
				SWIFT_VERSION = 5.0;
				TARGETED_DEVICE_FAMILY = "1,2";
				TEST_HOST = "$(BUILT_PRODUCTS_DIR)/Pet Dairy.app/Pet Dairy";
			};
			name = Release;
		};
/* End XCBuildConfiguration section */

/* Begin XCConfigurationList section */
		8F5166C12906068D0074E203 /* Build configuration list for PBXNativeTarget "Pet DairyUITests" */ = {
			isa = XCConfigurationList;
			buildConfigurations = (
				8F5166BF2906068D0074E203 /* Debug */,
				8F5166C02906068D0074E203 /* Release */,
			);
			defaultConfigurationIsVisible = 0;
			defaultConfigurationName = Release;
		};
		8F86D2F528AFEBAA006436AC /* Build configuration list for PBXProject "PetDairy" */ = {
			isa = XCConfigurationList;
			buildConfigurations = (
				8F86D30628AFEBAC006436AC /* Debug */,
				8F86D30728AFEBAC006436AC /* Release */,
			);
			defaultConfigurationIsVisible = 0;
			defaultConfigurationName = Release;
		};
		8F86D30828AFEBAC006436AC /* Build configuration list for PBXNativeTarget "PetDairy" */ = {
			isa = XCConfigurationList;
			buildConfigurations = (
				8F86D30928AFEBAC006436AC /* Debug */,
				8F86D30A28AFEBAC006436AC /* Release */,
			);
			defaultConfigurationIsVisible = 0;
			defaultConfigurationName = Release;
		};
		8FBC122C291319580080F5A7 /* Build configuration list for PBXNativeTarget "PetDiaryWidgetExtension" */ = {
			isa = XCConfigurationList;
			buildConfigurations = (
				8FBC122A291319580080F5A7 /* Debug */,
				8FBC122B291319580080F5A7 /* Release */,
			);
			defaultConfigurationIsVisible = 0;
			defaultConfigurationName = Release;
		};
		8FDFC58E29049AA300EEE409 /* Build configuration list for PBXNativeTarget "Pet DairyTests" */ = {
			isa = XCConfigurationList;
			buildConfigurations = (
				8FDFC58C29049AA300EEE409 /* Debug */,
				8FDFC58D29049AA300EEE409 /* Release */,
			);
			defaultConfigurationIsVisible = 0;
			defaultConfigurationName = Release;
		};
/* End XCConfigurationList section */
	};
	rootObject = 8F86D2F228AFEBAA006436AC /* Project object */;
}
