// !$*UTF8*$!
{
	archiveVersion = 1;
	classes = {
	};
	objectVersion = 55;
	objects = {

/* Begin PBXBuildFile section */
		8F014E1628B81C8E00795618 /* Pet.swift in Sources */ = {isa = PBXBuildFile; fileRef = 8F014E1528B81C8E00795618 /* Pet.swift */; };
		8F5C08F028D628FE002FDB95 /* PetTabView.swift in Sources */ = {isa = PBXBuildFile; fileRef = 8F5C08EF28D628FE002FDB95 /* PetTabView.swift */; };
		8F5C08F228D62F49002FDB95 /* FavoritesView.swift in Sources */ = {isa = PBXBuildFile; fileRef = 8F5C08F128D62F49002FDB95 /* FavoritesView.swift */; };
		8F86D2FE28AFEBAA006436AC /* PetDairyApp.swift in Sources */ = {isa = PBXBuildFile; fileRef = 8F86D2FD28AFEBAA006436AC /* PetDairyApp.swift */; };
		8F86D30028AFEBAA006436AC /* HomeView.swift in Sources */ = {isa = PBXBuildFile; fileRef = 8F86D2FF28AFEBAA006436AC /* HomeView.swift */; };
		8F86D30228AFEBAC006436AC /* Assets.xcassets in Resources */ = {isa = PBXBuildFile; fileRef = 8F86D30128AFEBAC006436AC /* Assets.xcassets */; };
		8F86D30528AFEBAC006436AC /* Preview Assets.xcassets in Resources */ = {isa = PBXBuildFile; fileRef = 8F86D30428AFEBAC006436AC /* Preview Assets.xcassets */; };
		8F86D31028AFEDCB006436AC /* Constants.swift in Sources */ = {isa = PBXBuildFile; fileRef = 8F86D30F28AFEDCB006436AC /* Constants.swift */; };
		8F86D31228AFEE0E006436AC /* OnboardingView.swift in Sources */ = {isa = PBXBuildFile; fileRef = 8F86D31128AFEE0E006436AC /* OnboardingView.swift */; };
		8FB35AB528D643DD004C4F08 /* PetDetailsView.swift in Sources */ = {isa = PBXBuildFile; fileRef = 8FB35AB428D643DD004C4F08 /* PetDetailsView.swift */; };
		8FB35AB728D647E4004C4F08 /* PetListView.swift in Sources */ = {isa = PBXBuildFile; fileRef = 8FB35AB628D647E4004C4F08 /* PetListView.swift */; };
		8FB4255D28D50E9300FECC9C /* PetDetailView.swift in Sources */ = {isa = PBXBuildFile; fileRef = 8FB4255C28D50E9300FECC9C /* PetDetailView.swift */; };
		8FB5CFC728B00EC60049ADC8 /* README.md in Resources */ = {isa = PBXBuildFile; fileRef = 8FB5CFC628B00EC60049ADC8 /* README.md */; };
		8FD2FCAA28FCD2FB00CAC986 /* PetModel.xcdatamodeld in Sources */ = {isa = PBXBuildFile; fileRef = 8FD2FCA828FCD2FB00CAC986 /* PetModel.xcdatamodeld */; };
		8FD2FCAD28FCD48500CAC986 /* CoreDataManager.swift in Sources */ = {isa = PBXBuildFile; fileRef = 8FD2FCAC28FCD48500CAC986 /* CoreDataManager.swift */; };
		8FD2FCB028FCF71400CAC986 /* CoreDataPet+CoreDataClass.swift in Sources */ = {isa = PBXBuildFile; fileRef = 8FD2FCAE28FCF71400CAC986 /* CoreDataPet+CoreDataClass.swift */; };
		8FD2FCB128FCF71400CAC986 /* CoreDataPet+CoreDataProperties.swift in Sources */ = {isa = PBXBuildFile; fileRef = 8FD2FCAF28FCF71400CAC986 /* CoreDataPet+CoreDataProperties.swift */; };
		8FD2FCB328FCFE7800CAC986 /* PetSort.swift in Sources */ = {isa = PBXBuildFile; fileRef = 8FD2FCB228FCFE7800CAC986 /* PetSort.swift */; };
		8FD2FCB528FD026400CAC986 /* SortSelectionView.swift in Sources */ = {isa = PBXBuildFile; fileRef = 8FD2FCB428FD026400CAC986 /* SortSelectionView.swift */; };
		8FFD471628F22D5A006DC53E /* SplashScreen.swift in Sources */ = {isa = PBXBuildFile; fileRef = 8FFD471528F22D5A006DC53E /* SplashScreen.swift */; };
		8FFD471A28F25BD7006DC53E /* Webservice.swift in Sources */ = {isa = PBXBuildFile; fileRef = 8FFD471928F25BD7006DC53E /* Webservice.swift */; };
		8FFE885A28DD2C8E0059FAC7 /* PetModel.swift in Sources */ = {isa = PBXBuildFile; fileRef = 8FFE885928DD2C8E0059FAC7 /* PetModel.swift */; };
/* End PBXBuildFile section */

/* Begin PBXFileReference section */
		8F014E1528B81C8E00795618 /* Pet.swift */ = {isa = PBXFileReference; lastKnownFileType = sourcecode.swift; path = Pet.swift; sourceTree = "<group>"; };
		8F5C08EF28D628FE002FDB95 /* PetTabView.swift */ = {isa = PBXFileReference; lastKnownFileType = sourcecode.swift; path = PetTabView.swift; sourceTree = "<group>"; };
		8F5C08F128D62F49002FDB95 /* FavoritesView.swift */ = {isa = PBXFileReference; lastKnownFileType = sourcecode.swift; path = FavoritesView.swift; sourceTree = "<group>"; };
		8F86D2FA28AFEBAA006436AC /* Pet Dairy.app */ = {isa = PBXFileReference; explicitFileType = wrapper.application; includeInIndex = 0; path = "Pet Dairy.app"; sourceTree = BUILT_PRODUCTS_DIR; };
		8F86D2FD28AFEBAA006436AC /* PetDairyApp.swift */ = {isa = PBXFileReference; lastKnownFileType = sourcecode.swift; path = PetDairyApp.swift; sourceTree = "<group>"; };
		8F86D2FF28AFEBAA006436AC /* HomeView.swift */ = {isa = PBXFileReference; lastKnownFileType = sourcecode.swift; path = HomeView.swift; sourceTree = "<group>"; };
		8F86D30128AFEBAC006436AC /* Assets.xcassets */ = {isa = PBXFileReference; lastKnownFileType = folder.assetcatalog; path = Assets.xcassets; sourceTree = "<group>"; };
		8F86D30428AFEBAC006436AC /* Preview Assets.xcassets */ = {isa = PBXFileReference; lastKnownFileType = folder.assetcatalog; path = "Preview Assets.xcassets"; sourceTree = "<group>"; };
		8F86D30F28AFEDCB006436AC /* Constants.swift */ = {isa = PBXFileReference; lastKnownFileType = sourcecode.swift; path = Constants.swift; sourceTree = "<group>"; };
		8F86D31128AFEE0E006436AC /* OnboardingView.swift */ = {isa = PBXFileReference; lastKnownFileType = sourcecode.swift; path = OnboardingView.swift; sourceTree = "<group>"; };
		8FB35AB428D643DD004C4F08 /* PetDetailsView.swift */ = {isa = PBXFileReference; lastKnownFileType = sourcecode.swift; path = PetDetailsView.swift; sourceTree = "<group>"; };
		8FB35AB628D647E4004C4F08 /* PetListView.swift */ = {isa = PBXFileReference; lastKnownFileType = sourcecode.swift; path = PetListView.swift; sourceTree = "<group>"; };
		8FB4255C28D50E9300FECC9C /* PetDetailView.swift */ = {isa = PBXFileReference; lastKnownFileType = sourcecode.swift; path = PetDetailView.swift; sourceTree = "<group>"; };
		8FB5CFC628B00EC60049ADC8 /* README.md */ = {isa = PBXFileReference; lastKnownFileType = net.daringfireball.markdown; path = README.md; sourceTree = "<group>"; };
		8FD2FCA928FCD2FB00CAC986 /* PetModel.xcdatamodel */ = {isa = PBXFileReference; lastKnownFileType = wrapper.xcdatamodel; path = PetModel.xcdatamodel; sourceTree = "<group>"; };
		8FD2FCAC28FCD48500CAC986 /* CoreDataManager.swift */ = {isa = PBXFileReference; lastKnownFileType = sourcecode.swift; path = CoreDataManager.swift; sourceTree = "<group>"; };
		8FD2FCAE28FCF71400CAC986 /* CoreDataPet+CoreDataClass.swift */ = {isa = PBXFileReference; lastKnownFileType = sourcecode.swift; path = "CoreDataPet+CoreDataClass.swift"; sourceTree = "<group>"; };
		8FD2FCAF28FCF71400CAC986 /* CoreDataPet+CoreDataProperties.swift */ = {isa = PBXFileReference; lastKnownFileType = sourcecode.swift; path = "CoreDataPet+CoreDataProperties.swift"; sourceTree = "<group>"; };
		8FD2FCB228FCFE7800CAC986 /* PetSort.swift */ = {isa = PBXFileReference; lastKnownFileType = sourcecode.swift; path = PetSort.swift; sourceTree = "<group>"; };
		8FD2FCB428FD026400CAC986 /* SortSelectionView.swift */ = {isa = PBXFileReference; lastKnownFileType = sourcecode.swift; path = SortSelectionView.swift; sourceTree = "<group>"; };
		8FFD471528F22D5A006DC53E /* SplashScreen.swift */ = {isa = PBXFileReference; lastKnownFileType = sourcecode.swift; path = SplashScreen.swift; sourceTree = "<group>"; };
		8FFD471928F25BD7006DC53E /* Webservice.swift */ = {isa = PBXFileReference; lastKnownFileType = sourcecode.swift; path = Webservice.swift; sourceTree = "<group>"; };
		8FFE885928DD2C8E0059FAC7 /* PetModel.swift */ = {isa = PBXFileReference; lastKnownFileType = sourcecode.swift; path = PetModel.swift; sourceTree = "<group>"; };
/* End PBXFileReference section */

/* Begin PBXFrameworksBuildPhase section */
		8F86D2F728AFEBAA006436AC /* Frameworks */ = {
			isa = PBXFrameworksBuildPhase;
			buildActionMask = 2147483647;
			files = (
			);
			runOnlyForDeploymentPostprocessing = 0;
		};
/* End PBXFrameworksBuildPhase section */

/* Begin PBXGroup section */
		8F86D2F128AFEBAA006436AC = {
			isa = PBXGroup;
			children = (
				8FB5CFC628B00EC60049ADC8 /* README.md */,
				8F86D2FC28AFEBAA006436AC /* PetDairy */,
				8F86D2FB28AFEBAA006436AC /* Products */,
			);
			sourceTree = "<group>";
		};
		8F86D2FB28AFEBAA006436AC /* Products */ = {
			isa = PBXGroup;
			children = (
				8F86D2FA28AFEBAA006436AC /* Pet Dairy.app */,
			);
			name = Products;
			sourceTree = "<group>";
		};
		8F86D2FC28AFEBAA006436AC /* PetDairy */ = {
			isa = PBXGroup;
			children = (
				8FD2FCAB28FCD46400CAC986 /* Managers */,
				8FFD471828F25BBD006DC53E /* Services */,
				8F86D30E28AFEDAF006436AC /* Helpers */,
				8F86D30D28AFED8A006436AC /* App */,
				8F86D30C28AFED4B006436AC /* Views */,
				8F86D30B28AFED3C006436AC /* Models */,
				8F86D30328AFEBAC006436AC /* Preview Content */,
			);
			path = PetDairy;
			sourceTree = "<group>";
		};
		8F86D30328AFEBAC006436AC /* Preview Content */ = {
			isa = PBXGroup;
			children = (
				8F86D30428AFEBAC006436AC /* Preview Assets.xcassets */,
			);
			path = "Preview Content";
			sourceTree = "<group>";
		};
		8F86D30B28AFED3C006436AC /* Models */ = {
			isa = PBXGroup;
			children = (
				8FD2FCAF28FCF71400CAC986 /* CoreDataPet+CoreDataProperties.swift */,
				8FD2FCAE28FCF71400CAC986 /* CoreDataPet+CoreDataClass.swift */,
				8F014E1528B81C8E00795618 /* Pet.swift */,
				8FFE885928DD2C8E0059FAC7 /* PetModel.swift */,
				8FD2FCB228FCFE7800CAC986 /* PetSort.swift */,
				8FD2FCA828FCD2FB00CAC986 /* PetModel.xcdatamodeld */,
			);
			path = Models;
			sourceTree = "<group>";
		};
		8F86D30C28AFED4B006436AC /* Views */ = {
			isa = PBXGroup;
			children = (
				8FFD471528F22D5A006DC53E /* SplashScreen.swift */,
				8F5C08EF28D628FE002FDB95 /* PetTabView.swift */,
				8F86D2FF28AFEBAA006436AC /* HomeView.swift */,
				8FD2FCB428FD026400CAC986 /* SortSelectionView.swift */,
				8FB4255C28D50E9300FECC9C /* PetDetailView.swift */,
				8FB35AB428D643DD004C4F08 /* PetDetailsView.swift */,
				8F86D31128AFEE0E006436AC /* OnboardingView.swift */,
				8F5C08F128D62F49002FDB95 /* FavoritesView.swift */,
				8FB35AB628D647E4004C4F08 /* PetListView.swift */,
			);
			path = Views;
			sourceTree = "<group>";
		};
		8F86D30D28AFED8A006436AC /* App */ = {
			isa = PBXGroup;
			children = (
				8F86D2FD28AFEBAA006436AC /* PetDairyApp.swift */,
				8F86D30128AFEBAC006436AC /* Assets.xcassets */,
			);
			path = App;
			sourceTree = "<group>";
		};
		8F86D30E28AFEDAF006436AC /* Helpers */ = {
			isa = PBXGroup;
			children = (
				8F86D30F28AFEDCB006436AC /* Constants.swift */,
			);
			path = Helpers;
			sourceTree = "<group>";
		};
		8FD2FCAB28FCD46400CAC986 /* Managers */ = {
			isa = PBXGroup;
			children = (
				8FD2FCAC28FCD48500CAC986 /* CoreDataManager.swift */,
			);
			path = Managers;
			sourceTree = "<group>";
		};
		8FFD471828F25BBD006DC53E /* Services */ = {
			isa = PBXGroup;
			children = (
				8FFD471928F25BD7006DC53E /* Webservice.swift */,
			);
			path = Services;
			sourceTree = "<group>";
		};
/* End PBXGroup section */

/* Begin PBXNativeTarget section */
		8F86D2F928AFEBAA006436AC /* PetDairy */ = {
			isa = PBXNativeTarget;
			buildConfigurationList = 8F86D30828AFEBAC006436AC /* Build configuration list for PBXNativeTarget "PetDairy" */;
			buildPhases = (
				8F86D2F628AFEBAA006436AC /* Sources */,
				8F86D2F728AFEBAA006436AC /* Frameworks */,
				8F86D2F828AFEBAA006436AC /* Resources */,
			);
			buildRules = (
			);
			dependencies = (
			);
			name = PetDairy;
			packageProductDependencies = (
			);
			productName = PetDairy;
			productReference = 8F86D2FA28AFEBAA006436AC /* Pet Dairy.app */;
			productType = "com.apple.product-type.application";
		};
/* End PBXNativeTarget section */

/* Begin PBXProject section */
		8F86D2F228AFEBAA006436AC /* Project object */ = {
			isa = PBXProject;
			attributes = {
				BuildIndependentTargetsInParallel = 1;
				LastSwiftUpdateCheck = 1340;
				LastUpgradeCheck = 1340;
				TargetAttributes = {
					8F86D2F928AFEBAA006436AC = {
						CreatedOnToolsVersion = 13.4.1;
					};
				};
			};
			buildConfigurationList = 8F86D2F528AFEBAA006436AC /* Build configuration list for PBXProject "PetDairy" */;
			compatibilityVersion = "Xcode 13.0";
			developmentRegion = en;
			hasScannedForEncodings = 0;
			knownRegions = (
				en,
				Base,
			);
			mainGroup = 8F86D2F128AFEBAA006436AC;
			packageReferences = (
			);
			productRefGroup = 8F86D2FB28AFEBAA006436AC /* Products */;
			projectDirPath = "";
			projectRoot = "";
			targets = (
				8F86D2F928AFEBAA006436AC /* PetDairy */,
			);
		};
/* End PBXProject section */

/* Begin PBXResourcesBuildPhase section */
		8F86D2F828AFEBAA006436AC /* Resources */ = {
			isa = PBXResourcesBuildPhase;
			buildActionMask = 2147483647;
			files = (
				8FB5CFC728B00EC60049ADC8 /* README.md in Resources */,
				8F86D30528AFEBAC006436AC /* Preview Assets.xcassets in Resources */,
				8F86D30228AFEBAC006436AC /* Assets.xcassets in Resources */,
			);
			runOnlyForDeploymentPostprocessing = 0;
		};
/* End PBXResourcesBuildPhase section */

/* Begin PBXSourcesBuildPhase section */
		8F86D2F628AFEBAA006436AC /* Sources */ = {
			isa = PBXSourcesBuildPhase;
			buildActionMask = 2147483647;
			files = (
				8F86D30028AFEBAA006436AC /* HomeView.swift in Sources */,
				8F5C08F028D628FE002FDB95 /* PetTabView.swift in Sources */,
				8FD2FCB128FCF71400CAC986 /* CoreDataPet+CoreDataProperties.swift in Sources */,
				8F86D31228AFEE0E006436AC /* OnboardingView.swift in Sources */,
				8FD2FCAD28FCD48500CAC986 /* CoreDataManager.swift in Sources */,
				8FB4255D28D50E9300FECC9C /* PetDetailView.swift in Sources */,
				8FB35AB528D643DD004C4F08 /* PetDetailsView.swift in Sources */,
				8FD2FCAA28FCD2FB00CAC986 /* PetModel.xcdatamodeld in Sources */,
				8F014E1628B81C8E00795618 /* Pet.swift in Sources */,
				8FFD471628F22D5A006DC53E /* SplashScreen.swift in Sources */,
				8FFD471A28F25BD7006DC53E /* Webservice.swift in Sources */,
				8FD2FCB028FCF71400CAC986 /* CoreDataPet+CoreDataClass.swift in Sources */,
				8F86D2FE28AFEBAA006436AC /* PetDairyApp.swift in Sources */,
				8FD2FCB328FCFE7800CAC986 /* PetSort.swift in Sources */,
				8F86D31028AFEDCB006436AC /* Constants.swift in Sources */,
				8FFE885A28DD2C8E0059FAC7 /* PetModel.swift in Sources */,
				8FB35AB728D647E4004C4F08 /* PetListView.swift in Sources */,
				8F5C08F228D62F49002FDB95 /* FavoritesView.swift in Sources */,
				8FD2FCB528FD026400CAC986 /* SortSelectionView.swift in Sources */,
			);
			runOnlyForDeploymentPostprocessing = 0;
		};
/* End PBXSourcesBuildPhase section */

/* Begin XCBuildConfiguration section */
		8F86D30628AFEBAC006436AC /* Debug */ = {
			isa = XCBuildConfiguration;
			buildSettings = {
				ALWAYS_SEARCH_USER_PATHS = NO;
				CLANG_ANALYZER_NONNULL = YES;
				CLANG_ANALYZER_NUMBER_OBJECT_CONVERSION = YES_AGGRESSIVE;
				CLANG_CXX_LANGUAGE_STANDARD = "gnu++17";
				CLANG_ENABLE_MODULES = YES;
				CLANG_ENABLE_OBJC_ARC = YES;
				CLANG_ENABLE_OBJC_WEAK = YES;
				CLANG_WARN_BLOCK_CAPTURE_AUTORELEASING = YES;
				CLANG_WARN_BOOL_CONVERSION = YES;
				CLANG_WARN_COMMA = YES;
				CLANG_WARN_CONSTANT_CONVERSION = YES;
				CLANG_WARN_DEPRECATED_OBJC_IMPLEMENTATIONS = YES;
				CLANG_WARN_DIRECT_OBJC_ISA_USAGE = YES_ERROR;
				CLANG_WARN_DOCUMENTATION_COMMENTS = YES;
				CLANG_WARN_EMPTY_BODY = YES;
				CLANG_WARN_ENUM_CONVERSION = YES;
				CLANG_WARN_INFINITE_RECURSION = YES;
				CLANG_WARN_INT_CONVERSION = YES;
				CLANG_WARN_NON_LITERAL_NULL_CONVERSION = YES;
				CLANG_WARN_OBJC_IMPLICIT_RETAIN_SELF = YES;
				CLANG_WARN_OBJC_LITERAL_CONVERSION = YES;
				CLANG_WARN_OBJC_ROOT_CLASS = YES_ERROR;
				CLANG_WARN_QUOTED_INCLUDE_IN_FRAMEWORK_HEADER = YES;
				CLANG_WARN_RANGE_LOOP_ANALYSIS = YES;
				CLANG_WARN_STRICT_PROTOTYPES = YES;
				CLANG_WARN_SUSPICIOUS_MOVE = YES;
				CLANG_WARN_UNGUARDED_AVAILABILITY = YES_AGGRESSIVE;
				CLANG_WARN_UNREACHABLE_CODE = YES;
				CLANG_WARN__DUPLICATE_METHOD_MATCH = YES;
				COPY_PHASE_STRIP = NO;
				DEBUG_INFORMATION_FORMAT = dwarf;
				ENABLE_STRICT_OBJC_MSGSEND = YES;
				ENABLE_TESTABILITY = YES;
				GCC_C_LANGUAGE_STANDARD = gnu11;
				GCC_DYNAMIC_NO_PIC = NO;
				GCC_NO_COMMON_BLOCKS = YES;
				GCC_OPTIMIZATION_LEVEL = 0;
				GCC_PREPROCESSOR_DEFINITIONS = (
					"DEBUG=1",
					"$(inherited)",
				);
				GCC_WARN_64_TO_32_BIT_CONVERSION = YES;
				GCC_WARN_ABOUT_RETURN_TYPE = YES_ERROR;
				GCC_WARN_UNDECLARED_SELECTOR = YES;
				GCC_WARN_UNINITIALIZED_AUTOS = YES_AGGRESSIVE;
				GCC_WARN_UNUSED_FUNCTION = YES;
				GCC_WARN_UNUSED_VARIABLE = YES;
				IPHONEOS_DEPLOYMENT_TARGET = 15.0;
				MTL_ENABLE_DEBUG_INFO = INCLUDE_SOURCE;
				MTL_FAST_MATH = YES;
				ONLY_ACTIVE_ARCH = YES;
				SDKROOT = iphoneos;
				SWIFT_ACTIVE_COMPILATION_CONDITIONS = DEBUG;
				SWIFT_OPTIMIZATION_LEVEL = "-Onone";
			};
			name = Debug;
		};
		8F86D30728AFEBAC006436AC /* Release */ = {
			isa = XCBuildConfiguration;
			buildSettings = {
				ALWAYS_SEARCH_USER_PATHS = NO;
				CLANG_ANALYZER_NONNULL = YES;
				CLANG_ANALYZER_NUMBER_OBJECT_CONVERSION = YES_AGGRESSIVE;
				CLANG_CXX_LANGUAGE_STANDARD = "gnu++17";
				CLANG_ENABLE_MODULES = YES;
				CLANG_ENABLE_OBJC_ARC = YES;
				CLANG_ENABLE_OBJC_WEAK = YES;
				CLANG_WARN_BLOCK_CAPTURE_AUTORELEASING = YES;
				CLANG_WARN_BOOL_CONVERSION = YES;
				CLANG_WARN_COMMA = YES;
				CLANG_WARN_CONSTANT_CONVERSION = YES;
				CLANG_WARN_DEPRECATED_OBJC_IMPLEMENTATIONS = YES;
				CLANG_WARN_DIRECT_OBJC_ISA_USAGE = YES_ERROR;
				CLANG_WARN_DOCUMENTATION_COMMENTS = YES;
				CLANG_WARN_EMPTY_BODY = YES;
				CLANG_WARN_ENUM_CONVERSION = YES;
				CLANG_WARN_INFINITE_RECURSION = YES;
				CLANG_WARN_INT_CONVERSION = YES;
				CLANG_WARN_NON_LITERAL_NULL_CONVERSION = YES;
				CLANG_WARN_OBJC_IMPLICIT_RETAIN_SELF = YES;
				CLANG_WARN_OBJC_LITERAL_CONVERSION = YES;
				CLANG_WARN_OBJC_ROOT_CLASS = YES_ERROR;
				CLANG_WARN_QUOTED_INCLUDE_IN_FRAMEWORK_HEADER = YES;
				CLANG_WARN_RANGE_LOOP_ANALYSIS = YES;
				CLANG_WARN_STRICT_PROTOTYPES = YES;
				CLANG_WARN_SUSPICIOUS_MOVE = YES;
				CLANG_WARN_UNGUARDED_AVAILABILITY = YES_AGGRESSIVE;
				CLANG_WARN_UNREACHABLE_CODE = YES;
				CLANG_WARN__DUPLICATE_METHOD_MATCH = YES;
				COPY_PHASE_STRIP = NO;
				DEBUG_INFORMATION_FORMAT = "dwarf-with-dsym";
				ENABLE_NS_ASSERTIONS = NO;
				ENABLE_STRICT_OBJC_MSGSEND = YES;
				GCC_C_LANGUAGE_STANDARD = gnu11;
				GCC_NO_COMMON_BLOCKS = YES;
				GCC_WARN_64_TO_32_BIT_CONVERSION = YES;
				GCC_WARN_ABOUT_RETURN_TYPE = YES_ERROR;
				GCC_WARN_UNDECLARED_SELECTOR = YES;
				GCC_WARN_UNINITIALIZED_AUTOS = YES_AGGRESSIVE;
				GCC_WARN_UNUSED_FUNCTION = YES;
				GCC_WARN_UNUSED_VARIABLE = YES;
				IPHONEOS_DEPLOYMENT_TARGET = 15.0;
				MTL_ENABLE_DEBUG_INFO = NO;
				MTL_FAST_MATH = YES;
				SDKROOT = iphoneos;
				SWIFT_COMPILATION_MODE = wholemodule;
				SWIFT_OPTIMIZATION_LEVEL = "-O";
				VALIDATE_PRODUCT = YES;
			};
			name = Release;
		};
		8F86D30928AFEBAC006436AC /* Debug */ = {
			isa = XCBuildConfiguration;
			buildSettings = {
				ASSETCATALOG_COMPILER_APPICON_NAME = AppIcon;
				ASSETCATALOG_COMPILER_GLOBAL_ACCENT_COLOR_NAME = AccentColor;
				CODE_SIGN_STYLE = Automatic;
				CURRENT_PROJECT_VERSION = 1;
				DEVELOPMENT_ASSET_PATHS = "\"PetDairy/Preview Content\"";
				DEVELOPMENT_TEAM = "";
				ENABLE_PREVIEWS = YES;
				GENERATE_INFOPLIST_FILE = YES;
				INFOPLIST_FILE = PetDairy/Info.plist;
				INFOPLIST_KEY_UIApplicationSceneManifest_Generation = YES;
				INFOPLIST_KEY_UIApplicationSupportsIndirectInputEvents = YES;
				INFOPLIST_KEY_UILaunchScreen_Generation = YES;
				INFOPLIST_KEY_UISupportedInterfaceOrientations_iPad = "UIInterfaceOrientationPortrait UIInterfaceOrientationPortraitUpsideDown UIInterfaceOrientationLandscapeLeft UIInterfaceOrientationLandscapeRight";
				INFOPLIST_KEY_UISupportedInterfaceOrientations_iPhone = "UIInterfaceOrientationPortrait UIInterfaceOrientationLandscapeLeft UIInterfaceOrientationLandscapeRight";
				IPHONEOS_DEPLOYMENT_TARGET = 15.0;
				LD_RUNPATH_SEARCH_PATHS = (
					"$(inherited)",
					"@executable_path/Frameworks",
				);
				MARKETING_VERSION = 1.0;
				PRODUCT_BUNDLE_IDENTIFIER = com.bytesrandom.PetDairy;
				PRODUCT_NAME = "Pet Dairy";
				SWIFT_EMIT_LOC_STRINGS = YES;
				SWIFT_VERSION = 5.0;
				TARGETED_DEVICE_FAMILY = "1,2";
			};
			name = Debug;
		};
		8F86D30A28AFEBAC006436AC /* Release */ = {
			isa = XCBuildConfiguration;
			buildSettings = {
				ASSETCATALOG_COMPILER_APPICON_NAME = AppIcon;
				ASSETCATALOG_COMPILER_GLOBAL_ACCENT_COLOR_NAME = AccentColor;
				CODE_SIGN_STYLE = Automatic;
				CURRENT_PROJECT_VERSION = 1;
				DEVELOPMENT_ASSET_PATHS = "\"PetDairy/Preview Content\"";
				DEVELOPMENT_TEAM = "";
				ENABLE_PREVIEWS = YES;
				GENERATE_INFOPLIST_FILE = YES;
				INFOPLIST_FILE = PetDairy/Info.plist;
				INFOPLIST_KEY_UIApplicationSceneManifest_Generation = YES;
				INFOPLIST_KEY_UIApplicationSupportsIndirectInputEvents = YES;
				INFOPLIST_KEY_UILaunchScreen_Generation = YES;
				INFOPLIST_KEY_UISupportedInterfaceOrientations_iPad = "UIInterfaceOrientationPortrait UIInterfaceOrientationPortraitUpsideDown UIInterfaceOrientationLandscapeLeft UIInterfaceOrientationLandscapeRight";
				INFOPLIST_KEY_UISupportedInterfaceOrientations_iPhone = "UIInterfaceOrientationPortrait UIInterfaceOrientationLandscapeLeft UIInterfaceOrientationLandscapeRight";
				IPHONEOS_DEPLOYMENT_TARGET = 15.0;
				LD_RUNPATH_SEARCH_PATHS = (
					"$(inherited)",
					"@executable_path/Frameworks",
				);
				MARKETING_VERSION = 1.0;
				PRODUCT_BUNDLE_IDENTIFIER = com.bytesrandom.PetDairy;
				PRODUCT_NAME = "Pet Dairy";
				SWIFT_EMIT_LOC_STRINGS = YES;
				SWIFT_VERSION = 5.0;
				TARGETED_DEVICE_FAMILY = "1,2";
			};
			name = Release;
		};
/* End XCBuildConfiguration section */

/* Begin XCConfigurationList section */
		8F86D2F528AFEBAA006436AC /* Build configuration list for PBXProject "PetDairy" */ = {
			isa = XCConfigurationList;
			buildConfigurations = (
				8F86D30628AFEBAC006436AC /* Debug */,
				8F86D30728AFEBAC006436AC /* Release */,
			);
			defaultConfigurationIsVisible = 0;
			defaultConfigurationName = Release;
		};
		8F86D30828AFEBAC006436AC /* Build configuration list for PBXNativeTarget "PetDairy" */ = {
			isa = XCConfigurationList;
			buildConfigurations = (
				8F86D30928AFEBAC006436AC /* Debug */,
				8F86D30A28AFEBAC006436AC /* Release */,
			);
			defaultConfigurationIsVisible = 0;
			defaultConfigurationName = Release;
		};
/* End XCConfigurationList section */

/* Begin XCVersionGroup section */
		8FD2FCA828FCD2FB00CAC986 /* PetModel.xcdatamodeld */ = {
			isa = XCVersionGroup;
			children = (
				8FD2FCA928FCD2FB00CAC986 /* PetModel.xcdatamodel */,
			);
			currentVersion = 8FD2FCA928FCD2FB00CAC986 /* PetModel.xcdatamodel */;
			path = PetModel.xcdatamodeld;
			sourceTree = "<group>";
			versionGroupType = wrapper.xcdatamodel;
		};
/* End XCVersionGroup section */
	};
	rootObject = 8F86D2F228AFEBAA006436AC /* Project object */;
}
